// !$*UTF8*$!
{
	archiveVersion = 1;
	classes = {
	};
	objectVersion = 50;
	objects = {

/* Begin PBXBuildFile section */
		7BA7877C8A9BC64D215191DF /* Pods_APPatrika.framework in Frameworks */ = {isa = PBXBuildFile; fileRef = 7CC66AA9F5422EED3E996FA7 /* Pods_APPatrika.framework */; };
		95ED70FC2372BC5BD052E22C /* Pods_APPatrikaTests.framework in Frameworks */ = {isa = PBXBuildFile; fileRef = 81A227F34E547D520F114CF5 /* Pods_APPatrikaTests.framework */; };
		AFFCC3F4D9C692C0489A4183 /* Pods_APPatrika_APPatrikaUITests.framework in Frameworks */ = {isa = PBXBuildFile; fileRef = ABA83827955EEDF920ACF9EF /* Pods_APPatrika_APPatrikaUITests.framework */; };
		B202B8E6269F3D08001F8A04 /* CombineNetworkM.swift in Sources */ = {isa = PBXBuildFile; fileRef = B202B8E5269F3D08001F8A04 /* CombineNetworkM.swift */; };
		B202B8EE269F70CC001F8A04 /* EnvironmentConfiguration.swift in Sources */ = {isa = PBXBuildFile; fileRef = B202B8ED269F70CC001F8A04 /* EnvironmentConfiguration.swift */; };
		B202B8F0269F70E7001F8A04 /* CopyDeck.swift in Sources */ = {isa = PBXBuildFile; fileRef = B202B8EF269F70E7001F8A04 /* CopyDeck.swift */; };
		B202B8F4269F713C001F8A04 /* config.plist in Resources */ = {isa = PBXBuildFile; fileRef = B202B8F3269F713B001F8A04 /* config.plist */; };
		B202B904269F72F2001F8A04 /* NetworkManager.swift in Sources */ = {isa = PBXBuildFile; fileRef = B202B8F6269F72F2001F8A04 /* NetworkManager.swift */; };
		B202B905269F72F2001F8A04 /* NetManager.swift in Sources */ = {isa = PBXBuildFile; fileRef = B202B8F7269F72F2001F8A04 /* NetManager.swift */; };
		B202B907269F72F2001F8A04 /* MultipartFormData.swift in Sources */ = {isa = PBXBuildFile; fileRef = B202B8FA269F72F2001F8A04 /* MultipartFormData.swift */; };
		B202B908269F72F2001F8A04 /* Encodable+.swift in Sources */ = {isa = PBXBuildFile; fileRef = B202B8FB269F72F2001F8A04 /* Encodable+.swift */; };
		B202B909269F72F2001F8A04 /* ParameterEncoding.swift in Sources */ = {isa = PBXBuildFile; fileRef = B202B8FC269F72F2001F8A04 /* ParameterEncoding.swift */; };
		B202B90A269F72F2001F8A04 /* Method.swift in Sources */ = {isa = PBXBuildFile; fileRef = B202B8FD269F72F2001F8A04 /* Method.swift */; };
		B202B90B269F72F2001F8A04 /* URLComponents+.swift in Sources */ = {isa = PBXBuildFile; fileRef = B202B8FE269F72F2001F8A04 /* URLComponents+.swift */; };
		B202B90C269F72F2001F8A04 /* API.swift in Sources */ = {isa = PBXBuildFile; fileRef = B202B8FF269F72F2001F8A04 /* API.swift */; };
		B202B90D269F72F2001F8A04 /* NetworkLogger.swift in Sources */ = {isa = PBXBuildFile; fileRef = B202B900269F72F2001F8A04 /* NetworkLogger.swift */; };
		B202B90E269F72F2001F8A04 /* Task.swift in Sources */ = {isa = PBXBuildFile; fileRef = B202B901269F72F2001F8A04 /* Task.swift */; };
		B202B90F269F72F2001F8A04 /* URLRequest+.swift in Sources */ = {isa = PBXBuildFile; fileRef = B202B902269F72F2001F8A04 /* URLRequest+.swift */; };
		B202B910269F72F2001F8A04 /* NSMutableData+.swift in Sources */ = {isa = PBXBuildFile; fileRef = B202B903269F72F2001F8A04 /* NSMutableData+.swift */; };
		B202B912269F7380001F8A04 /* ArticlesModel.swift in Sources */ = {isa = PBXBuildFile; fileRef = B202B911269F7380001F8A04 /* ArticlesModel.swift */; };
		B202B914269F76CE001F8A04 /* ErrorMessage.swift in Sources */ = {isa = PBXBuildFile; fileRef = B202B913269F76CE001F8A04 /* ErrorMessage.swift */; };
		B202B916269F78CB001F8A04 /* ArticleViewModel.swift in Sources */ = {isa = PBXBuildFile; fileRef = B202B915269F78CB001F8A04 /* ArticleViewModel.swift */; };
		B202B919269F79F4001F8A04 /* LogFiles.swift in Sources */ = {isa = PBXBuildFile; fileRef = B202B918269F79F3001F8A04 /* LogFiles.swift */; };
		B202B91B269F7E1C001F8A04 /* ArticleListCell.swift in Sources */ = {isa = PBXBuildFile; fileRef = B202B91A269F7E1C001F8A04 /* ArticleListCell.swift */; };
		B2D20F41269D1FA000F0E6F2 /* AppDelegate.swift in Sources */ = {isa = PBXBuildFile; fileRef = B2D20F40269D1FA000F0E6F2 /* AppDelegate.swift */; };
		B2D20F43269D1FBC00F0E6F2 /* SceneDelegate.swift in Sources */ = {isa = PBXBuildFile; fileRef = B2D20F42269D1FBC00F0E6F2 /* SceneDelegate.swift */; };
		B2EE3B90269CF777001B9BA6 /* Assets.xcassets in Resources */ = {isa = PBXBuildFile; fileRef = B2EE3B8F269CF777001B9BA6 /* Assets.xcassets */; };
		B2EE3B93269CF777001B9BA6 /* Preview Assets.xcassets in Resources */ = {isa = PBXBuildFile; fileRef = B2EE3B92269CF777001B9BA6 /* Preview Assets.xcassets */; };
		B2EE3B9E269CF778001B9BA6 /* APPatrikaTests.swift in Sources */ = {isa = PBXBuildFile; fileRef = B2EE3B9D269CF778001B9BA6 /* APPatrikaTests.swift */; };
		B2EE3BA9269CF778001B9BA6 /* APPatrikaUITests.swift in Sources */ = {isa = PBXBuildFile; fileRef = B2EE3BA8269CF778001B9BA6 /* APPatrikaUITests.swift */; };
		B2EE3BB7269CF895001B9BA6 /* CustomTabView.swift in Sources */ = {isa = PBXBuildFile; fileRef = B2EE3BB6269CF895001B9BA6 /* CustomTabView.swift */; };
		B2EE3BBA269CF8F8001B9BA6 /* OutReachView.swift in Sources */ = {isa = PBXBuildFile; fileRef = B2EE3BB9269CF8F8001B9BA6 /* OutReachView.swift */; };
		B2EE3BBC269CF908001B9BA6 /* BalPatrikaView.swift in Sources */ = {isa = PBXBuildFile; fileRef = B2EE3BBB269CF908001B9BA6 /* BalPatrikaView.swift */; };
		B2EE3BBE269CF92D001B9BA6 /* HistoryView.swift in Sources */ = {isa = PBXBuildFile; fileRef = B2EE3BBD269CF92D001B9BA6 /* HistoryView.swift */; };
		B2EE3BC0269CF93C001B9BA6 /* InfoView.swift in Sources */ = {isa = PBXBuildFile; fileRef = B2EE3BBF269CF93C001B9BA6 /* InfoView.swift */; };
		B2EE3BC2269CFA48001B9BA6 /* ArticleView.swift in Sources */ = {isa = PBXBuildFile; fileRef = B2EE3BC1269CFA48001B9BA6 /* ArticleView.swift */; };
/* End PBXBuildFile section */

/* Begin PBXContainerItemProxy section */
		B2EE3B9A269CF778001B9BA6 /* PBXContainerItemProxy */ = {
			isa = PBXContainerItemProxy;
			containerPortal = B2EE3B80269CF776001B9BA6 /* Project object */;
			proxyType = 1;
			remoteGlobalIDString = B2EE3B87269CF776001B9BA6;
			remoteInfo = APPatrika;
		};
		B2EE3BA5269CF778001B9BA6 /* PBXContainerItemProxy */ = {
			isa = PBXContainerItemProxy;
			containerPortal = B2EE3B80269CF776001B9BA6 /* Project object */;
			proxyType = 1;
			remoteGlobalIDString = B2EE3B87269CF776001B9BA6;
			remoteInfo = APPatrika;
		};
/* End PBXContainerItemProxy section */

/* Begin PBXFileReference section */
		2EAEDA8779FD3AA692651FDF /* Pods-APPatrikaTests.release.xcconfig */ = {isa = PBXFileReference; includeInIndex = 1; lastKnownFileType = text.xcconfig; name = "Pods-APPatrikaTests.release.xcconfig"; path = "Target Support Files/Pods-APPatrikaTests/Pods-APPatrikaTests.release.xcconfig"; sourceTree = "<group>"; };
		78E4003E4BFB76101FA82902 /* Pods-APPatrika-APPatrikaUITests.release.xcconfig */ = {isa = PBXFileReference; includeInIndex = 1; lastKnownFileType = text.xcconfig; name = "Pods-APPatrika-APPatrikaUITests.release.xcconfig"; path = "Target Support Files/Pods-APPatrika-APPatrikaUITests/Pods-APPatrika-APPatrikaUITests.release.xcconfig"; sourceTree = "<group>"; };
		7CC66AA9F5422EED3E996FA7 /* Pods_APPatrika.framework */ = {isa = PBXFileReference; explicitFileType = wrapper.framework; includeInIndex = 0; path = Pods_APPatrika.framework; sourceTree = BUILT_PRODUCTS_DIR; };
		7F0703CA51C713FAB6C9BA5D /* Pods-APPatrika-APPatrikaUITests.debug.xcconfig */ = {isa = PBXFileReference; includeInIndex = 1; lastKnownFileType = text.xcconfig; name = "Pods-APPatrika-APPatrikaUITests.debug.xcconfig"; path = "Target Support Files/Pods-APPatrika-APPatrikaUITests/Pods-APPatrika-APPatrikaUITests.debug.xcconfig"; sourceTree = "<group>"; };
		81A227F34E547D520F114CF5 /* Pods_APPatrikaTests.framework */ = {isa = PBXFileReference; explicitFileType = wrapper.framework; includeInIndex = 0; path = Pods_APPatrikaTests.framework; sourceTree = BUILT_PRODUCTS_DIR; };
		ABA83827955EEDF920ACF9EF /* Pods_APPatrika_APPatrikaUITests.framework */ = {isa = PBXFileReference; explicitFileType = wrapper.framework; includeInIndex = 0; path = Pods_APPatrika_APPatrikaUITests.framework; sourceTree = BUILT_PRODUCTS_DIR; };
		B202B8E5269F3D08001F8A04 /* CombineNetworkM.swift */ = {isa = PBXFileReference; lastKnownFileType = sourcecode.swift; path = CombineNetworkM.swift; sourceTree = "<group>"; };
		B202B8EA269F6FC0001F8A04 /* APPatrika-Debug.xcconfig */ = {isa = PBXFileReference; lastKnownFileType = text.xcconfig; path = "APPatrika-Debug.xcconfig"; sourceTree = "<group>"; };
		B202B8EB269F6FCF001F8A04 /* APPatrika-Release.xcconfig */ = {isa = PBXFileReference; lastKnownFileType = text.xcconfig; path = "APPatrika-Release.xcconfig"; sourceTree = "<group>"; };
		B202B8ED269F70CC001F8A04 /* EnvironmentConfiguration.swift */ = {isa = PBXFileReference; lastKnownFileType = sourcecode.swift; path = EnvironmentConfiguration.swift; sourceTree = "<group>"; };
		B202B8EF269F70E7001F8A04 /* CopyDeck.swift */ = {isa = PBXFileReference; lastKnownFileType = sourcecode.swift; path = CopyDeck.swift; sourceTree = "<group>"; };
		B202B8F3269F713B001F8A04 /* config.plist */ = {isa = PBXFileReference; lastKnownFileType = text.plist.xml; path = config.plist; sourceTree = "<group>"; };
		B202B8F6269F72F2001F8A04 /* NetworkManager.swift */ = {isa = PBXFileReference; fileEncoding = 4; lastKnownFileType = sourcecode.swift; path = NetworkManager.swift; sourceTree = "<group>"; };
		B202B8F7269F72F2001F8A04 /* NetManager.swift */ = {isa = PBXFileReference; fileEncoding = 4; lastKnownFileType = sourcecode.swift; path = NetManager.swift; sourceTree = "<group>"; };
		B202B8FA269F72F2001F8A04 /* MultipartFormData.swift */ = {isa = PBXFileReference; fileEncoding = 4; lastKnownFileType = sourcecode.swift; path = MultipartFormData.swift; sourceTree = "<group>"; };
		B202B8FB269F72F2001F8A04 /* Encodable+.swift */ = {isa = PBXFileReference; fileEncoding = 4; lastKnownFileType = sourcecode.swift; path = "Encodable+.swift"; sourceTree = "<group>"; };
		B202B8FC269F72F2001F8A04 /* ParameterEncoding.swift */ = {isa = PBXFileReference; fileEncoding = 4; lastKnownFileType = sourcecode.swift; path = ParameterEncoding.swift; sourceTree = "<group>"; };
		B202B8FD269F72F2001F8A04 /* Method.swift */ = {isa = PBXFileReference; fileEncoding = 4; lastKnownFileType = sourcecode.swift; path = Method.swift; sourceTree = "<group>"; };
		B202B8FE269F72F2001F8A04 /* URLComponents+.swift */ = {isa = PBXFileReference; fileEncoding = 4; lastKnownFileType = sourcecode.swift; path = "URLComponents+.swift"; sourceTree = "<group>"; };
		B202B8FF269F72F2001F8A04 /* API.swift */ = {isa = PBXFileReference; fileEncoding = 4; lastKnownFileType = sourcecode.swift; path = API.swift; sourceTree = "<group>"; };
		B202B900269F72F2001F8A04 /* NetworkLogger.swift */ = {isa = PBXFileReference; fileEncoding = 4; lastKnownFileType = sourcecode.swift; path = NetworkLogger.swift; sourceTree = "<group>"; };
		B202B901269F72F2001F8A04 /* Task.swift */ = {isa = PBXFileReference; fileEncoding = 4; lastKnownFileType = sourcecode.swift; path = Task.swift; sourceTree = "<group>"; };
		B202B902269F72F2001F8A04 /* URLRequest+.swift */ = {isa = PBXFileReference; fileEncoding = 4; lastKnownFileType = sourcecode.swift; path = "URLRequest+.swift"; sourceTree = "<group>"; };
		B202B903269F72F2001F8A04 /* NSMutableData+.swift */ = {isa = PBXFileReference; fileEncoding = 4; lastKnownFileType = sourcecode.swift; path = "NSMutableData+.swift"; sourceTree = "<group>"; };
		B202B911269F7380001F8A04 /* ArticlesModel.swift */ = {isa = PBXFileReference; lastKnownFileType = sourcecode.swift; path = ArticlesModel.swift; sourceTree = "<group>"; };
		B202B913269F76CE001F8A04 /* ErrorMessage.swift */ = {isa = PBXFileReference; lastKnownFileType = sourcecode.swift; path = ErrorMessage.swift; sourceTree = "<group>"; };
		B202B915269F78CB001F8A04 /* ArticleViewModel.swift */ = {isa = PBXFileReference; lastKnownFileType = sourcecode.swift; path = ArticleViewModel.swift; sourceTree = "<group>"; };
		B202B918269F79F3001F8A04 /* LogFiles.swift */ = {isa = PBXFileReference; lastKnownFileType = sourcecode.swift; path = LogFiles.swift; sourceTree = "<group>"; };
		B202B91A269F7E1C001F8A04 /* ArticleListCell.swift */ = {isa = PBXFileReference; lastKnownFileType = sourcecode.swift; path = ArticleListCell.swift; sourceTree = "<group>"; };
		B2D20F40269D1FA000F0E6F2 /* AppDelegate.swift */ = {isa = PBXFileReference; lastKnownFileType = sourcecode.swift; path = AppDelegate.swift; sourceTree = "<group>"; };
		B2D20F42269D1FBC00F0E6F2 /* SceneDelegate.swift */ = {isa = PBXFileReference; lastKnownFileType = sourcecode.swift; path = SceneDelegate.swift; sourceTree = "<group>"; };
		B2EE3B88269CF776001B9BA6 /* APPatrika.app */ = {isa = PBXFileReference; explicitFileType = wrapper.application; includeInIndex = 0; path = APPatrika.app; sourceTree = BUILT_PRODUCTS_DIR; };
		B2EE3B8F269CF777001B9BA6 /* Assets.xcassets */ = {isa = PBXFileReference; lastKnownFileType = folder.assetcatalog; path = Assets.xcassets; sourceTree = "<group>"; };
		B2EE3B92269CF777001B9BA6 /* Preview Assets.xcassets */ = {isa = PBXFileReference; lastKnownFileType = folder.assetcatalog; path = "Preview Assets.xcassets"; sourceTree = "<group>"; };
		B2EE3B94269CF777001B9BA6 /* Info.plist */ = {isa = PBXFileReference; lastKnownFileType = text.plist.xml; path = Info.plist; sourceTree = "<group>"; };
		B2EE3B99269CF778001B9BA6 /* APPatrikaTests.xctest */ = {isa = PBXFileReference; explicitFileType = wrapper.cfbundle; includeInIndex = 0; path = APPatrikaTests.xctest; sourceTree = BUILT_PRODUCTS_DIR; };
		B2EE3B9D269CF778001B9BA6 /* APPatrikaTests.swift */ = {isa = PBXFileReference; lastKnownFileType = sourcecode.swift; path = APPatrikaTests.swift; sourceTree = "<group>"; };
		B2EE3B9F269CF778001B9BA6 /* Info.plist */ = {isa = PBXFileReference; lastKnownFileType = text.plist.xml; path = Info.plist; sourceTree = "<group>"; };
		B2EE3BA4269CF778001B9BA6 /* APPatrikaUITests.xctest */ = {isa = PBXFileReference; explicitFileType = wrapper.cfbundle; includeInIndex = 0; path = APPatrikaUITests.xctest; sourceTree = BUILT_PRODUCTS_DIR; };
		B2EE3BA8269CF778001B9BA6 /* APPatrikaUITests.swift */ = {isa = PBXFileReference; lastKnownFileType = sourcecode.swift; path = APPatrikaUITests.swift; sourceTree = "<group>"; };
		B2EE3BAA269CF778001B9BA6 /* Info.plist */ = {isa = PBXFileReference; lastKnownFileType = text.plist.xml; path = Info.plist; sourceTree = "<group>"; };
		B2EE3BB6269CF895001B9BA6 /* CustomTabView.swift */ = {isa = PBXFileReference; lastKnownFileType = sourcecode.swift; path = CustomTabView.swift; sourceTree = "<group>"; };
		B2EE3BB9269CF8F8001B9BA6 /* OutReachView.swift */ = {isa = PBXFileReference; lastKnownFileType = sourcecode.swift; path = OutReachView.swift; sourceTree = "<group>"; };
		B2EE3BBB269CF908001B9BA6 /* BalPatrikaView.swift */ = {isa = PBXFileReference; lastKnownFileType = sourcecode.swift; path = BalPatrikaView.swift; sourceTree = "<group>"; };
		B2EE3BBD269CF92D001B9BA6 /* HistoryView.swift */ = {isa = PBXFileReference; lastKnownFileType = sourcecode.swift; path = HistoryView.swift; sourceTree = "<group>"; };
		B2EE3BBF269CF93C001B9BA6 /* InfoView.swift */ = {isa = PBXFileReference; lastKnownFileType = sourcecode.swift; path = InfoView.swift; sourceTree = "<group>"; };
		B2EE3BC1269CFA48001B9BA6 /* ArticleView.swift */ = {isa = PBXFileReference; lastKnownFileType = sourcecode.swift; path = ArticleView.swift; sourceTree = "<group>"; };
		C1BBACCEFC8CC1D8D6F27201 /* Pods-APPatrika.release.xcconfig */ = {isa = PBXFileReference; includeInIndex = 1; lastKnownFileType = text.xcconfig; name = "Pods-APPatrika.release.xcconfig"; path = "Target Support Files/Pods-APPatrika/Pods-APPatrika.release.xcconfig"; sourceTree = "<group>"; };
		CBA2958B0D31CC59A1DC4A1F /* Pods-APPatrika.debug.xcconfig */ = {isa = PBXFileReference; includeInIndex = 1; lastKnownFileType = text.xcconfig; name = "Pods-APPatrika.debug.xcconfig"; path = "Target Support Files/Pods-APPatrika/Pods-APPatrika.debug.xcconfig"; sourceTree = "<group>"; };
		E3639203BC6E333F5CAD5C38 /* Pods-APPatrikaTests.debug.xcconfig */ = {isa = PBXFileReference; includeInIndex = 1; lastKnownFileType = text.xcconfig; name = "Pods-APPatrikaTests.debug.xcconfig"; path = "Target Support Files/Pods-APPatrikaTests/Pods-APPatrikaTests.debug.xcconfig"; sourceTree = "<group>"; };
/* End PBXFileReference section */

/* Begin PBXFrameworksBuildPhase section */
		B2EE3B85269CF776001B9BA6 /* Frameworks */ = {
			isa = PBXFrameworksBuildPhase;
			buildActionMask = 2147483647;
			files = (
				7BA7877C8A9BC64D215191DF /* Pods_APPatrika.framework in Frameworks */,
			);
			runOnlyForDeploymentPostprocessing = 0;
		};
		B2EE3B96269CF778001B9BA6 /* Frameworks */ = {
			isa = PBXFrameworksBuildPhase;
			buildActionMask = 2147483647;
			files = (
				95ED70FC2372BC5BD052E22C /* Pods_APPatrikaTests.framework in Frameworks */,
			);
			runOnlyForDeploymentPostprocessing = 0;
		};
		B2EE3BA1269CF778001B9BA6 /* Frameworks */ = {
			isa = PBXFrameworksBuildPhase;
			buildActionMask = 2147483647;
			files = (
				AFFCC3F4D9C692C0489A4183 /* Pods_APPatrika_APPatrikaUITests.framework in Frameworks */,
			);
			runOnlyForDeploymentPostprocessing = 0;
		};
/* End PBXFrameworksBuildPhase section */

/* Begin PBXGroup section */
		B202B8E7269F3D34001F8A04 /* Models */ = {
			isa = PBXGroup;
			children = (
				B202B911269F7380001F8A04 /* ArticlesModel.swift */,
			);
			path = Models;
			sourceTree = "<group>";
		};
		B202B8EC269F70BF001F8A04 /* Utils */ = {
			isa = PBXGroup;
			children = (
				B202B8ED269F70CC001F8A04 /* EnvironmentConfiguration.swift */,
				B202B8EF269F70E7001F8A04 /* CopyDeck.swift */,
				B202B913269F76CE001F8A04 /* ErrorMessage.swift */,
			);
			path = Utils;
			sourceTree = "<group>";
		};
		B202B8F5269F72F2001F8A04 /* Services */ = {
			isa = PBXGroup;
			children = (
				B202B8F9269F72F2001F8A04 /* API Extension */,
				B202B8F6269F72F2001F8A04 /* NetworkManager.swift */,
				B202B8F7269F72F2001F8A04 /* NetManager.swift */,
				B202B8E5269F3D08001F8A04 /* CombineNetworkM.swift */,
			);
			path = Services;
			sourceTree = "<group>";
		};
		B202B8F9269F72F2001F8A04 /* API Extension */ = {
			isa = PBXGroup;
			children = (
				B202B8FF269F72F2001F8A04 /* API.swift */,
				B202B8FA269F72F2001F8A04 /* MultipartFormData.swift */,
				B202B8FB269F72F2001F8A04 /* Encodable+.swift */,
				B202B8FC269F72F2001F8A04 /* ParameterEncoding.swift */,
				B202B8FD269F72F2001F8A04 /* Method.swift */,
				B202B8FE269F72F2001F8A04 /* URLComponents+.swift */,
				B202B900269F72F2001F8A04 /* NetworkLogger.swift */,
				B202B901269F72F2001F8A04 /* Task.swift */,
				B202B902269F72F2001F8A04 /* URLRequest+.swift */,
				B202B903269F72F2001F8A04 /* NSMutableData+.swift */,
			);
			path = "API Extension";
			sourceTree = "<group>";
		};
		B202B917269F79EA001F8A04 /* Extension */ = {
			isa = PBXGroup;
			children = (
				B202B918269F79F3001F8A04 /* LogFiles.swift */,
			);
			path = Extension;
			sourceTree = "<group>";
		};
		B22225D226A08B81004CBC94 /* Screens */ = {
			isa = PBXGroup;
			children = (
				B22225D726A08BCB004CBC94 /* InfoView */,
				B22225D626A08BBF004CBC94 /* HistoryView */,
				B22225D526A08BAC004CBC94 /* BalPatrikaView */,
				B22225D426A08B9E004CBC94 /* OutReachView */,
				B22225D326A08B89004CBC94 /* ArticleView */,
			);
			path = Screens;
			sourceTree = "<group>";
		};
		B22225D326A08B89004CBC94 /* ArticleView */ = {
			isa = PBXGroup;
			children = (
				B2EE3BC1269CFA48001B9BA6 /* ArticleView.swift */,
				B202B91A269F7E1C001F8A04 /* ArticleListCell.swift */,
				B202B915269F78CB001F8A04 /* ArticleViewModel.swift */,
			);
			path = ArticleView;
			sourceTree = "<group>";
		};
		B22225D426A08B9E004CBC94 /* OutReachView */ = {
			isa = PBXGroup;
			children = (
				B2EE3BB9269CF8F8001B9BA6 /* OutReachView.swift */,
			);
			path = OutReachView;
			sourceTree = "<group>";
		};
		B22225D526A08BAC004CBC94 /* BalPatrikaView */ = {
			isa = PBXGroup;
			children = (
				B2EE3BBB269CF908001B9BA6 /* BalPatrikaView.swift */,
			);
			path = BalPatrikaView;
			sourceTree = "<group>";
		};
		B22225D626A08BBF004CBC94 /* HistoryView */ = {
			isa = PBXGroup;
			children = (
				B2EE3BBD269CF92D001B9BA6 /* HistoryView.swift */,
			);
			path = HistoryView;
			sourceTree = "<group>";
		};
		B22225D726A08BCB004CBC94 /* InfoView */ = {
			isa = PBXGroup;
			children = (
				B2EE3BBF269CF93C001B9BA6 /* InfoView.swift */,
			);
			path = InfoView;
			sourceTree = "<group>";
		};
		B22225D826A08C32004CBC94 /* Resources */ = {
			isa = PBXGroup;
			children = (
				B202B8EA269F6FC0001F8A04 /* APPatrika-Debug.xcconfig */,
				B202B8EB269F6FCF001F8A04 /* APPatrika-Release.xcconfig */,
				B202B8F3269F713B001F8A04 /* config.plist */,
			);
			path = Resources;
			sourceTree = "<group>";
		};
		B2EE3B7F269CF776001B9BA6 = {
			isa = PBXGroup;
			children = (
				B2EE3B8A269CF776001B9BA6 /* APPatrika */,
				B2EE3B9C269CF778001B9BA6 /* APPatrikaTests */,
				B2EE3BA7269CF778001B9BA6 /* APPatrikaUITests */,
				B2EE3B89269CF776001B9BA6 /* Products */,
				D62DA0D53C0B6B1E9C03C95C /* Pods */,
				D9DBEB3B643E97A3B686BF82 /* Frameworks */,
			);
			sourceTree = "<group>";
		};
		B2EE3B89269CF776001B9BA6 /* Products */ = {
			isa = PBXGroup;
			children = (
				B2EE3B88269CF776001B9BA6 /* APPatrika.app */,
				B2EE3B99269CF778001B9BA6 /* APPatrikaTests.xctest */,
				B2EE3BA4269CF778001B9BA6 /* APPatrikaUITests.xctest */,
			);
			name = Products;
			sourceTree = "<group>";
		};
		B2EE3B8A269CF776001B9BA6 /* APPatrika */ = {
			isa = PBXGroup;
			children = (
				B202B917269F79EA001F8A04 /* Extension */,
				B202B8F5269F72F2001F8A04 /* Services */,
				B202B8EC269F70BF001F8A04 /* Utils */,
				B202B8E7269F3D34001F8A04 /* Models */,
				B22225D226A08B81004CBC94 /* Screens */,
				B2EE3BB8269CF8C9001B9BA6 /* TabViews */,
				B22225D826A08C32004CBC94 /* Resources */,
				B2D20F40269D1FA000F0E6F2 /* AppDelegate.swift */,
				B2D20F42269D1FBC00F0E6F2 /* SceneDelegate.swift */,
				B2EE3B94269CF777001B9BA6 /* Info.plist */,
				B2EE3B8F269CF777001B9BA6 /* Assets.xcassets */,
				B2EE3B91269CF777001B9BA6 /* Preview Content */,
			);
			path = APPatrika;
			sourceTree = "<group>";
		};
		B2EE3B91269CF777001B9BA6 /* Preview Content */ = {
			isa = PBXGroup;
			children = (
				B2EE3B92269CF777001B9BA6 /* Preview Assets.xcassets */,
			);
			path = "Preview Content";
			sourceTree = "<group>";
		};
		B2EE3B9C269CF778001B9BA6 /* APPatrikaTests */ = {
			isa = PBXGroup;
			children = (
				B2EE3B9D269CF778001B9BA6 /* APPatrikaTests.swift */,
				B2EE3B9F269CF778001B9BA6 /* Info.plist */,
			);
			path = APPatrikaTests;
			sourceTree = "<group>";
		};
		B2EE3BA7269CF778001B9BA6 /* APPatrikaUITests */ = {
			isa = PBXGroup;
			children = (
				B2EE3BA8269CF778001B9BA6 /* APPatrikaUITests.swift */,
				B2EE3BAA269CF778001B9BA6 /* Info.plist */,
			);
			path = APPatrikaUITests;
			sourceTree = "<group>";
		};
		B2EE3BB8269CF8C9001B9BA6 /* TabViews */ = {
			isa = PBXGroup;
			children = (
				B2EE3BB6269CF895001B9BA6 /* CustomTabView.swift */,
			);
			path = TabViews;
			sourceTree = "<group>";
		};
		D62DA0D53C0B6B1E9C03C95C /* Pods */ = {
			isa = PBXGroup;
			children = (
				CBA2958B0D31CC59A1DC4A1F /* Pods-APPatrika.debug.xcconfig */,
				C1BBACCEFC8CC1D8D6F27201 /* Pods-APPatrika.release.xcconfig */,
				7F0703CA51C713FAB6C9BA5D /* Pods-APPatrika-APPatrikaUITests.debug.xcconfig */,
				78E4003E4BFB76101FA82902 /* Pods-APPatrika-APPatrikaUITests.release.xcconfig */,
				E3639203BC6E333F5CAD5C38 /* Pods-APPatrikaTests.debug.xcconfig */,
				2EAEDA8779FD3AA692651FDF /* Pods-APPatrikaTests.release.xcconfig */,
			);
			path = Pods;
			sourceTree = "<group>";
		};
		D9DBEB3B643E97A3B686BF82 /* Frameworks */ = {
			isa = PBXGroup;
			children = (
				7CC66AA9F5422EED3E996FA7 /* Pods_APPatrika.framework */,
				ABA83827955EEDF920ACF9EF /* Pods_APPatrika_APPatrikaUITests.framework */,
				81A227F34E547D520F114CF5 /* Pods_APPatrikaTests.framework */,
			);
			name = Frameworks;
			sourceTree = "<group>";
		};
/* End PBXGroup section */

/* Begin PBXNativeTarget section */
		B2EE3B87269CF776001B9BA6 /* APPatrika */ = {
			isa = PBXNativeTarget;
			buildConfigurationList = B2EE3BAD269CF778001B9BA6 /* Build configuration list for PBXNativeTarget "APPatrika" */;
			buildPhases = (
				8104F798562F50AB863CFEC3 /* [CP] Check Pods Manifest.lock */,
				B2EE3B84269CF776001B9BA6 /* Sources */,
				B2EE3B85269CF776001B9BA6 /* Frameworks */,
				B2EE3B86269CF776001B9BA6 /* Resources */,
			);
			buildRules = (
			);
			dependencies = (
			);
			name = APPatrika;
			productName = APPatrika;
			productReference = B2EE3B88269CF776001B9BA6 /* APPatrika.app */;
			productType = "com.apple.product-type.application";
		};
		B2EE3B98269CF778001B9BA6 /* APPatrikaTests */ = {
			isa = PBXNativeTarget;
			buildConfigurationList = B2EE3BB0269CF778001B9BA6 /* Build configuration list for PBXNativeTarget "APPatrikaTests" */;
			buildPhases = (
				95B81807E94986FFB7778859 /* [CP] Check Pods Manifest.lock */,
				B2EE3B95269CF778001B9BA6 /* Sources */,
				B2EE3B96269CF778001B9BA6 /* Frameworks */,
				B2EE3B97269CF778001B9BA6 /* Resources */,
			);
			buildRules = (
			);
			dependencies = (
				B2EE3B9B269CF778001B9BA6 /* PBXTargetDependency */,
			);
			name = APPatrikaTests;
			productName = APPatrikaTests;
			productReference = B2EE3B99269CF778001B9BA6 /* APPatrikaTests.xctest */;
			productType = "com.apple.product-type.bundle.unit-test";
		};
		B2EE3BA3269CF778001B9BA6 /* APPatrikaUITests */ = {
			isa = PBXNativeTarget;
			buildConfigurationList = B2EE3BB3269CF778001B9BA6 /* Build configuration list for PBXNativeTarget "APPatrikaUITests" */;
			buildPhases = (
				DF13D8F117369FF754CE314A /* [CP] Check Pods Manifest.lock */,
				B2EE3BA0269CF778001B9BA6 /* Sources */,
				B2EE3BA1269CF778001B9BA6 /* Frameworks */,
				B2EE3BA2269CF778001B9BA6 /* Resources */,
			);
			buildRules = (
			);
			dependencies = (
				B2EE3BA6269CF778001B9BA6 /* PBXTargetDependency */,
			);
			name = APPatrikaUITests;
			productName = APPatrikaUITests;
			productReference = B2EE3BA4269CF778001B9BA6 /* APPatrikaUITests.xctest */;
			productType = "com.apple.product-type.bundle.ui-testing";
		};
/* End PBXNativeTarget section */

/* Begin PBXProject section */
		B2EE3B80269CF776001B9BA6 /* Project object */ = {
			isa = PBXProject;
			attributes = {
				LastSwiftUpdateCheck = 1250;
				LastUpgradeCheck = 1250;
				TargetAttributes = {
					B2EE3B87269CF776001B9BA6 = {
						CreatedOnToolsVersion = 12.5.1;
					};
					B2EE3B98269CF778001B9BA6 = {
						CreatedOnToolsVersion = 12.5.1;
						TestTargetID = B2EE3B87269CF776001B9BA6;
					};
					B2EE3BA3269CF778001B9BA6 = {
						CreatedOnToolsVersion = 12.5.1;
						TestTargetID = B2EE3B87269CF776001B9BA6;
					};
				};
			};
			buildConfigurationList = B2EE3B83269CF776001B9BA6 /* Build configuration list for PBXProject "APPatrika" */;
			compatibilityVersion = "Xcode 9.3";
			developmentRegion = en;
			hasScannedForEncodings = 0;
			knownRegions = (
				en,
				Base,
			);
			mainGroup = B2EE3B7F269CF776001B9BA6;
			productRefGroup = B2EE3B89269CF776001B9BA6 /* Products */;
			projectDirPath = "";
			projectRoot = "";
			targets = (
				B2EE3B87269CF776001B9BA6 /* APPatrika */,
				B2EE3B98269CF778001B9BA6 /* APPatrikaTests */,
				B2EE3BA3269CF778001B9BA6 /* APPatrikaUITests */,
			);
		};
/* End PBXProject section */

/* Begin PBXResourcesBuildPhase section */
		B2EE3B86269CF776001B9BA6 /* Resources */ = {
			isa = PBXResourcesBuildPhase;
			buildActionMask = 2147483647;
			files = (
				B2EE3B93269CF777001B9BA6 /* Preview Assets.xcassets in Resources */,
				B2EE3B90269CF777001B9BA6 /* Assets.xcassets in Resources */,
				B202B8F4269F713C001F8A04 /* config.plist in Resources */,
			);
			runOnlyForDeploymentPostprocessing = 0;
		};
		B2EE3B97269CF778001B9BA6 /* Resources */ = {
			isa = PBXResourcesBuildPhase;
			buildActionMask = 2147483647;
			files = (
			);
			runOnlyForDeploymentPostprocessing = 0;
		};
		B2EE3BA2269CF778001B9BA6 /* Resources */ = {
			isa = PBXResourcesBuildPhase;
			buildActionMask = 2147483647;
			files = (
			);
			runOnlyForDeploymentPostprocessing = 0;
		};
/* End PBXResourcesBuildPhase section */

/* Begin PBXShellScriptBuildPhase section */
		8104F798562F50AB863CFEC3 /* [CP] Check Pods Manifest.lock */ = {
			isa = PBXShellScriptBuildPhase;
			buildActionMask = 2147483647;
			files = (
			);
			inputFileListPaths = (
			);
			inputPaths = (
				"${PODS_PODFILE_DIR_PATH}/Podfile.lock",
				"${PODS_ROOT}/Manifest.lock",
			);
			name = "[CP] Check Pods Manifest.lock";
			outputFileListPaths = (
			);
			outputPaths = (
				"$(DERIVED_FILE_DIR)/Pods-APPatrika-checkManifestLockResult.txt",
			);
			runOnlyForDeploymentPostprocessing = 0;
			shellPath = /bin/sh;
			shellScript = "diff \"${PODS_PODFILE_DIR_PATH}/Podfile.lock\" \"${PODS_ROOT}/Manifest.lock\" > /dev/null\nif [ $? != 0 ] ; then\n    # print error to STDERR\n    echo \"error: The sandbox is not in sync with the Podfile.lock. Run 'pod install' or update your CocoaPods installation.\" >&2\n    exit 1\nfi\n# This output is used by Xcode 'outputs' to avoid re-running this script phase.\necho \"SUCCESS\" > \"${SCRIPT_OUTPUT_FILE_0}\"\n";
			showEnvVarsInLog = 0;
		};
		95B81807E94986FFB7778859 /* [CP] Check Pods Manifest.lock */ = {
			isa = PBXShellScriptBuildPhase;
			buildActionMask = 2147483647;
			files = (
			);
			inputFileListPaths = (
			);
			inputPaths = (
				"${PODS_PODFILE_DIR_PATH}/Podfile.lock",
				"${PODS_ROOT}/Manifest.lock",
			);
			name = "[CP] Check Pods Manifest.lock";
			outputFileListPaths = (
			);
			outputPaths = (
				"$(DERIVED_FILE_DIR)/Pods-APPatrikaTests-checkManifestLockResult.txt",
			);
			runOnlyForDeploymentPostprocessing = 0;
			shellPath = /bin/sh;
			shellScript = "diff \"${PODS_PODFILE_DIR_PATH}/Podfile.lock\" \"${PODS_ROOT}/Manifest.lock\" > /dev/null\nif [ $? != 0 ] ; then\n    # print error to STDERR\n    echo \"error: The sandbox is not in sync with the Podfile.lock. Run 'pod install' or update your CocoaPods installation.\" >&2\n    exit 1\nfi\n# This output is used by Xcode 'outputs' to avoid re-running this script phase.\necho \"SUCCESS\" > \"${SCRIPT_OUTPUT_FILE_0}\"\n";
			showEnvVarsInLog = 0;
		};
		DF13D8F117369FF754CE314A /* [CP] Check Pods Manifest.lock */ = {
			isa = PBXShellScriptBuildPhase;
			buildActionMask = 2147483647;
			files = (
			);
			inputFileListPaths = (
			);
			inputPaths = (
				"${PODS_PODFILE_DIR_PATH}/Podfile.lock",
				"${PODS_ROOT}/Manifest.lock",
			);
			name = "[CP] Check Pods Manifest.lock";
			outputFileListPaths = (
			);
			outputPaths = (
				"$(DERIVED_FILE_DIR)/Pods-APPatrika-APPatrikaUITests-checkManifestLockResult.txt",
			);
			runOnlyForDeploymentPostprocessing = 0;
			shellPath = /bin/sh;
			shellScript = "diff \"${PODS_PODFILE_DIR_PATH}/Podfile.lock\" \"${PODS_ROOT}/Manifest.lock\" > /dev/null\nif [ $? != 0 ] ; then\n    # print error to STDERR\n    echo \"error: The sandbox is not in sync with the Podfile.lock. Run 'pod install' or update your CocoaPods installation.\" >&2\n    exit 1\nfi\n# This output is used by Xcode 'outputs' to avoid re-running this script phase.\necho \"SUCCESS\" > \"${SCRIPT_OUTPUT_FILE_0}\"\n";
			showEnvVarsInLog = 0;
		};
/* End PBXShellScriptBuildPhase section */

/* Begin PBXSourcesBuildPhase section */
		B2EE3B84269CF776001B9BA6 /* Sources */ = {
			isa = PBXSourcesBuildPhase;
			buildActionMask = 2147483647;
			files = (
				B202B90C269F72F2001F8A04 /* API.swift in Sources */,
				B202B90A269F72F2001F8A04 /* Method.swift in Sources */,
				B2EE3BC0269CF93C001B9BA6 /* InfoView.swift in Sources */,
				B2EE3BB7269CF895001B9BA6 /* CustomTabView.swift in Sources */,
				B202B8EE269F70CC001F8A04 /* EnvironmentConfiguration.swift in Sources */,
				B202B90B269F72F2001F8A04 /* URLComponents+.swift in Sources */,
				B202B919269F79F4001F8A04 /* LogFiles.swift in Sources */,
				B202B8E6269F3D08001F8A04 /* CombineNetworkM.swift in Sources */,
				B2EE3BBC269CF908001B9BA6 /* BalPatrikaView.swift in Sources */,
				B202B907269F72F2001F8A04 /* MultipartFormData.swift in Sources */,
				B2D20F41269D1FA000F0E6F2 /* AppDelegate.swift in Sources */,
				B202B912269F7380001F8A04 /* ArticlesModel.swift in Sources */,
				B2EE3BC2269CFA48001B9BA6 /* ArticleView.swift in Sources */,
				B202B8F0269F70E7001F8A04 /* CopyDeck.swift in Sources */,
				B2D20F43269D1FBC00F0E6F2 /* SceneDelegate.swift in Sources */,
				B202B910269F72F2001F8A04 /* NSMutableData+.swift in Sources */,
				B2EE3BBA269CF8F8001B9BA6 /* OutReachView.swift in Sources */,
				B202B904269F72F2001F8A04 /* NetworkManager.swift in Sources */,
				B2EE3BBE269CF92D001B9BA6 /* HistoryView.swift in Sources */,
				B202B90E269F72F2001F8A04 /* Task.swift in Sources */,
				B202B909269F72F2001F8A04 /* ParameterEncoding.swift in Sources */,
				B202B91B269F7E1C001F8A04 /* ArticleListCell.swift in Sources */,
				B202B916269F78CB001F8A04 /* ArticleViewModel.swift in Sources */,
				B202B908269F72F2001F8A04 /* Encodable+.swift in Sources */,
				B202B914269F76CE001F8A04 /* ErrorMessage.swift in Sources */,
				B202B90D269F72F2001F8A04 /* NetworkLogger.swift in Sources */,
				B202B905269F72F2001F8A04 /* NetManager.swift in Sources */,
				B202B90F269F72F2001F8A04 /* URLRequest+.swift in Sources */,
			);
			runOnlyForDeploymentPostprocessing = 0;
		};
		B2EE3B95269CF778001B9BA6 /* Sources */ = {
			isa = PBXSourcesBuildPhase;
			buildActionMask = 2147483647;
			files = (
				B2EE3B9E269CF778001B9BA6 /* APPatrikaTests.swift in Sources */,
			);
			runOnlyForDeploymentPostprocessing = 0;
		};
		B2EE3BA0269CF778001B9BA6 /* Sources */ = {
			isa = PBXSourcesBuildPhase;
			buildActionMask = 2147483647;
			files = (
				B2EE3BA9269CF778001B9BA6 /* APPatrikaUITests.swift in Sources */,
			);
			runOnlyForDeploymentPostprocessing = 0;
		};
/* End PBXSourcesBuildPhase section */

/* Begin PBXTargetDependency section */
		B2EE3B9B269CF778001B9BA6 /* PBXTargetDependency */ = {
			isa = PBXTargetDependency;
			target = B2EE3B87269CF776001B9BA6 /* APPatrika */;
			targetProxy = B2EE3B9A269CF778001B9BA6 /* PBXContainerItemProxy */;
		};
		B2EE3BA6269CF778001B9BA6 /* PBXTargetDependency */ = {
			isa = PBXTargetDependency;
			target = B2EE3B87269CF776001B9BA6 /* APPatrika */;
			targetProxy = B2EE3BA5269CF778001B9BA6 /* PBXContainerItemProxy */;
		};
/* End PBXTargetDependency section */

/* Begin XCBuildConfiguration section */
		B2EE3BAB269CF778001B9BA6 /* Debug */ = {
			isa = XCBuildConfiguration;
			baseConfigurationReference = B202B8EA269F6FC0001F8A04 /* APPatrika-Debug.xcconfig */;
			buildSettings = {
				ALWAYS_SEARCH_USER_PATHS = NO;
				CLANG_ANALYZER_NONNULL = YES;
				CLANG_ANALYZER_NUMBER_OBJECT_CONVERSION = YES_AGGRESSIVE;
				CLANG_CXX_LANGUAGE_STANDARD = "gnu++14";
				CLANG_CXX_LIBRARY = "libc++";
				CLANG_ENABLE_MODULES = YES;
				CLANG_ENABLE_OBJC_ARC = YES;
				CLANG_ENABLE_OBJC_WEAK = YES;
				CLANG_WARN_BLOCK_CAPTURE_AUTORELEASING = YES;
				CLANG_WARN_BOOL_CONVERSION = YES;
				CLANG_WARN_COMMA = YES;
				CLANG_WARN_CONSTANT_CONVERSION = YES;
				CLANG_WARN_DEPRECATED_OBJC_IMPLEMENTATIONS = YES;
				CLANG_WARN_DIRECT_OBJC_ISA_USAGE = YES_ERROR;
				CLANG_WARN_DOCUMENTATION_COMMENTS = YES;
				CLANG_WARN_EMPTY_BODY = YES;
				CLANG_WARN_ENUM_CONVERSION = YES;
				CLANG_WARN_INFINITE_RECURSION = YES;
				CLANG_WARN_INT_CONVERSION = YES;
				CLANG_WARN_NON_LITERAL_NULL_CONVERSION = YES;
				CLANG_WARN_OBJC_IMPLICIT_RETAIN_SELF = YES;
				CLANG_WARN_OBJC_LITERAL_CONVERSION = YES;
				CLANG_WARN_OBJC_ROOT_CLASS = YES_ERROR;
				CLANG_WARN_QUOTED_INCLUDE_IN_FRAMEWORK_HEADER = YES;
				CLANG_WARN_RANGE_LOOP_ANALYSIS = YES;
				CLANG_WARN_STRICT_PROTOTYPES = YES;
				CLANG_WARN_SUSPICIOUS_MOVE = YES;
				CLANG_WARN_UNGUARDED_AVAILABILITY = YES_AGGRESSIVE;
				CLANG_WARN_UNREACHABLE_CODE = YES;
				CLANG_WARN__DUPLICATE_METHOD_MATCH = YES;
				COPY_PHASE_STRIP = NO;
				DEBUG_INFORMATION_FORMAT = dwarf;
				ENABLE_STRICT_OBJC_MSGSEND = YES;
				ENABLE_TESTABILITY = YES;
				GCC_C_LANGUAGE_STANDARD = gnu11;
				GCC_DYNAMIC_NO_PIC = NO;
				GCC_NO_COMMON_BLOCKS = YES;
				GCC_OPTIMIZATION_LEVEL = 0;
				GCC_PREPROCESSOR_DEFINITIONS = (
					"DEBUG=1",
					"$(inherited)",
				);
				GCC_WARN_64_TO_32_BIT_CONVERSION = YES;
				GCC_WARN_ABOUT_RETURN_TYPE = YES_ERROR;
				GCC_WARN_UNDECLARED_SELECTOR = YES;
				GCC_WARN_UNINITIALIZED_AUTOS = YES_AGGRESSIVE;
				GCC_WARN_UNUSED_FUNCTION = YES;
				GCC_WARN_UNUSED_VARIABLE = YES;
				IPHONEOS_DEPLOYMENT_TARGET = 14.5;
				MTL_ENABLE_DEBUG_INFO = INCLUDE_SOURCE;
				MTL_FAST_MATH = YES;
				ONLY_ACTIVE_ARCH = YES;
				SDKROOT = iphoneos;
				SWIFT_ACTIVE_COMPILATION_CONDITIONS = DEBUG;
				SWIFT_OPTIMIZATION_LEVEL = "-Onone";
			};
			name = Debug;
		};
		B2EE3BAC269CF778001B9BA6 /* Release */ = {
			isa = XCBuildConfiguration;
			baseConfigurationReference = B202B8EB269F6FCF001F8A04 /* APPatrika-Release.xcconfig */;
			buildSettings = {
				ALWAYS_SEARCH_USER_PATHS = NO;
				CLANG_ANALYZER_NONNULL = YES;
				CLANG_ANALYZER_NUMBER_OBJECT_CONVERSION = YES_AGGRESSIVE;
				CLANG_CXX_LANGUAGE_STANDARD = "gnu++14";
				CLANG_CXX_LIBRARY = "libc++";
				CLANG_ENABLE_MODULES = YES;
				CLANG_ENABLE_OBJC_ARC = YES;
				CLANG_ENABLE_OBJC_WEAK = YES;
				CLANG_WARN_BLOCK_CAPTURE_AUTORELEASING = YES;
				CLANG_WARN_BOOL_CONVERSION = YES;
				CLANG_WARN_COMMA = YES;
				CLANG_WARN_CONSTANT_CONVERSION = YES;
				CLANG_WARN_DEPRECATED_OBJC_IMPLEMENTATIONS = YES;
				CLANG_WARN_DIRECT_OBJC_ISA_USAGE = YES_ERROR;
				CLANG_WARN_DOCUMENTATION_COMMENTS = YES;
				CLANG_WARN_EMPTY_BODY = YES;
				CLANG_WARN_ENUM_CONVERSION = YES;
				CLANG_WARN_INFINITE_RECURSION = YES;
				CLANG_WARN_INT_CONVERSION = YES;
				CLANG_WARN_NON_LITERAL_NULL_CONVERSION = YES;
				CLANG_WARN_OBJC_IMPLICIT_RETAIN_SELF = YES;
				CLANG_WARN_OBJC_LITERAL_CONVERSION = YES;
				CLANG_WARN_OBJC_ROOT_CLASS = YES_ERROR;
				CLANG_WARN_QUOTED_INCLUDE_IN_FRAMEWORK_HEADER = YES;
				CLANG_WARN_RANGE_LOOP_ANALYSIS = YES;
				CLANG_WARN_STRICT_PROTOTYPES = YES;
				CLANG_WARN_SUSPICIOUS_MOVE = YES;
				CLANG_WARN_UNGUARDED_AVAILABILITY = YES_AGGRESSIVE;
				CLANG_WARN_UNREACHABLE_CODE = YES;
				CLANG_WARN__DUPLICATE_METHOD_MATCH = YES;
				COPY_PHASE_STRIP = NO;
				DEBUG_INFORMATION_FORMAT = "dwarf-with-dsym";
				ENABLE_NS_ASSERTIONS = NO;
				ENABLE_STRICT_OBJC_MSGSEND = YES;
				GCC_C_LANGUAGE_STANDARD = gnu11;
				GCC_NO_COMMON_BLOCKS = YES;
				GCC_WARN_64_TO_32_BIT_CONVERSION = YES;
				GCC_WARN_ABOUT_RETURN_TYPE = YES_ERROR;
				GCC_WARN_UNDECLARED_SELECTOR = YES;
				GCC_WARN_UNINITIALIZED_AUTOS = YES_AGGRESSIVE;
				GCC_WARN_UNUSED_FUNCTION = YES;
				GCC_WARN_UNUSED_VARIABLE = YES;
				IPHONEOS_DEPLOYMENT_TARGET = 14.5;
				MTL_ENABLE_DEBUG_INFO = NO;
				MTL_FAST_MATH = YES;
				SDKROOT = iphoneos;
				SWIFT_COMPILATION_MODE = wholemodule;
				SWIFT_OPTIMIZATION_LEVEL = "-O";
				VALIDATE_PRODUCT = YES;
			};
			name = Release;
		};
		B2EE3BAE269CF778001B9BA6 /* Debug */ = {
			isa = XCBuildConfiguration;
			baseConfigurationReference = CBA2958B0D31CC59A1DC4A1F /* Pods-APPatrika.debug.xcconfig */;
			buildSettings = {
				ASSETCATALOG_COMPILER_APPICON_NAME = AppIcon;
				ASSETCATALOG_COMPILER_GLOBAL_ACCENT_COLOR_NAME = AccentColor;
				CODE_SIGN_STYLE = Automatic;
				DEVELOPMENT_ASSET_PATHS = "\"APPatrika/Preview Content\"";
				DEVELOPMENT_TEAM = R67ZNTFPRH;
				ENABLE_PREVIEWS = YES;
				INFOPLIST_FILE = APPatrika/Info.plist;
				IPHONEOS_DEPLOYMENT_TARGET = 13.0;
				LD_RUNPATH_SEARCH_PATHS = (
					"$(inherited)",
					"@executable_path/Frameworks",
				);
				PRODUCT_BUNDLE_IDENTIFIER = com.yds.appatrika.APPatrika;
				PRODUCT_NAME = "$(TARGET_NAME)";
				SWIFT_VERSION = 5.0;
				TARGETED_DEVICE_FAMILY = "1,2";
			};
			name = Debug;
		};
		B2EE3BAF269CF778001B9BA6 /* Release */ = {
			isa = XCBuildConfiguration;
			baseConfigurationReference = C1BBACCEFC8CC1D8D6F27201 /* Pods-APPatrika.release.xcconfig */;
			buildSettings = {
				ASSETCATALOG_COMPILER_APPICON_NAME = AppIcon;
				ASSETCATALOG_COMPILER_GLOBAL_ACCENT_COLOR_NAME = AccentColor;
				CODE_SIGN_STYLE = Automatic;
				DEVELOPMENT_ASSET_PATHS = "\"APPatrika/Preview Content\"";
				DEVELOPMENT_TEAM = R67ZNTFPRH;
				ENABLE_PREVIEWS = YES;
				INFOPLIST_FILE = APPatrika/Info.plist;
				IPHONEOS_DEPLOYMENT_TARGET = 13.0;
				LD_RUNPATH_SEARCH_PATHS = (
					"$(inherited)",
					"@executable_path/Frameworks",
				);
				PRODUCT_BUNDLE_IDENTIFIER = com.yds.appatrika.APPatrika;
				PRODUCT_NAME = "$(TARGET_NAME)";
				SWIFT_VERSION = 5.0;
				TARGETED_DEVICE_FAMILY = "1,2";
			};
			name = Release;
		};
		B2EE3BB1269CF778001B9BA6 /* Debug */ = {
			isa = XCBuildConfiguration;
			baseConfigurationReference = E3639203BC6E333F5CAD5C38 /* Pods-APPatrikaTests.debug.xcconfig */;
			buildSettings = {
				ALWAYS_EMBED_SWIFT_STANDARD_LIBRARIES = YES;
				BUNDLE_LOADER = "$(TEST_HOST)";
				CODE_SIGN_STYLE = Automatic;
				DEVELOPMENT_TEAM = R67ZNTFPRH;
				INFOPLIST_FILE = APPatrikaTests/Info.plist;
				IPHONEOS_DEPLOYMENT_TARGET = 14.0;
				LD_RUNPATH_SEARCH_PATHS = (
					"$(inherited)",
					"@executable_path/Frameworks",
					"@loader_path/Frameworks",
				);
				PRODUCT_BUNDLE_IDENTIFIER = com.yds.appatrika.APPatrikaTests;
				PRODUCT_NAME = "$(TARGET_NAME)";
				SWIFT_VERSION = 5.0;
				TARGETED_DEVICE_FAMILY = "1,2";
				TEST_HOST = "$(BUILT_PRODUCTS_DIR)/APPatrika.app/APPatrika";
			};
			name = Debug;
		};
		B2EE3BB2269CF778001B9BA6 /* Release */ = {
			isa = XCBuildConfiguration;
			baseConfigurationReference = 2EAEDA8779FD3AA692651FDF /* Pods-APPatrikaTests.release.xcconfig */;
			buildSettings = {
				ALWAYS_EMBED_SWIFT_STANDARD_LIBRARIES = YES;
				BUNDLE_LOADER = "$(TEST_HOST)";
				CODE_SIGN_STYLE = Automatic;
				DEVELOPMENT_TEAM = R67ZNTFPRH;
				INFOPLIST_FILE = APPatrikaTests/Info.plist;
				IPHONEOS_DEPLOYMENT_TARGET = 14.0;
				LD_RUNPATH_SEARCH_PATHS = (
					"$(inherited)",
					"@executable_path/Frameworks",
					"@loader_path/Frameworks",
				);
				PRODUCT_BUNDLE_IDENTIFIER = com.yds.appatrika.APPatrikaTests;
				PRODUCT_NAME = "$(TARGET_NAME)";
				SWIFT_VERSION = 5.0;
				TARGETED_DEVICE_FAMILY = "1,2";
				TEST_HOST = "$(BUILT_PRODUCTS_DIR)/APPatrika.app/APPatrika";
			};
			name = Release;
		};
		B2EE3BB4269CF778001B9BA6 /* Debug */ = {
			isa = XCBuildConfiguration;
			baseConfigurationReference = 7F0703CA51C713FAB6C9BA5D /* Pods-APPatrika-APPatrikaUITests.debug.xcconfig */;
			buildSettings = {
				ALWAYS_EMBED_SWIFT_STANDARD_LIBRARIES = YES;
				CODE_SIGN_STYLE = Automatic;
				DEVELOPMENT_TEAM = R67ZNTFPRH;
				INFOPLIST_FILE = APPatrikaUITests/Info.plist;
				LD_RUNPATH_SEARCH_PATHS = (
					"$(inherited)",
					"@executable_path/Frameworks",
					"@loader_path/Frameworks",
				);
				PRODUCT_BUNDLE_IDENTIFIER = com.yds.appatrika.APPatrikaUITests;
				PRODUCT_NAME = "$(TARGET_NAME)";
				SWIFT_VERSION = 5.0;
				TARGETED_DEVICE_FAMILY = "1,2";
				TEST_TARGET_NAME = APPatrika;
			};
			name = Debug;
		};
		B2EE3BB5269CF778001B9BA6 /* Release */ = {
			isa = XCBuildConfiguration;
			baseConfigurationReference = 78E4003E4BFB76101FA82902 /* Pods-APPatrika-APPatrikaUITests.release.xcconfig */;
			buildSettings = {
				ALWAYS_EMBED_SWIFT_STANDARD_LIBRARIES = YES;
				CODE_SIGN_STYLE = Automatic;
				DEVELOPMENT_TEAM = R67ZNTFPRH;
				INFOPLIST_FILE = APPatrikaUITests/Info.plist;
				LD_RUNPATH_SEARCH_PATHS = (
					"$(inherited)",
					"@executable_path/Frameworks",
					"@loader_path/Frameworks",
				);
				PRODUCT_BUNDLE_IDENTIFIER = com.yds.appatrika.APPatrikaUITests;
				PRODUCT_NAME = "$(TARGET_NAME)";
				SWIFT_VERSION = 5.0;
				TARGETED_DEVICE_FAMILY = "1,2";
				TEST_TARGET_NAME = APPatrika;
			};
			name = Release;
		};
/* End XCBuildConfiguration section */

/* Begin XCConfigurationList section */
		B2EE3B83269CF776001B9BA6 /* Build configuration list for PBXProject "APPatrika" */ = {
			isa = XCConfigurationList;
			buildConfigurations = (
				B2EE3BAB269CF778001B9BA6 /* Debug */,
				B2EE3BAC269CF778001B9BA6 /* Release */,
			);
			defaultConfigurationIsVisible = 0;
			defaultConfigurationName = Release;
		};
		B2EE3BAD269CF778001B9BA6 /* Build configuration list for PBXNativeTarget "APPatrika" */ = {
			isa = XCConfigurationList;
			buildConfigurations = (
				B2EE3BAE269CF778001B9BA6 /* Debug */,
				B2EE3BAF269CF778001B9BA6 /* Release */,
			);
			defaultConfigurationIsVisible = 0;
			defaultConfigurationName = Release;
		};
		B2EE3BB0269CF778001B9BA6 /* Build configuration list for PBXNativeTarget "APPatrikaTests" */ = {
			isa = XCConfigurationList;
			buildConfigurations = (
				B2EE3BB1269CF778001B9BA6 /* Debug */,
				B2EE3BB2269CF778001B9BA6 /* Release */,
			);
			defaultConfigurationIsVisible = 0;
			defaultConfigurationName = Release;
		};
		B2EE3BB3269CF778001B9BA6 /* Build configuration list for PBXNativeTarget "APPatrikaUITests" */ = {
			isa = XCConfigurationList;
			buildConfigurations = (
				B2EE3BB4269CF778001B9BA6 /* Debug */,
				B2EE3BB5269CF778001B9BA6 /* Release */,
			);
			defaultConfigurationIsVisible = 0;
			defaultConfigurationName = Release;
		};
/* End XCConfigurationList section */
	};
	rootObject = B2EE3B80269CF776001B9BA6 /* Project object */;
}
